
Microsoft Visual Studio Solution File, Format Version 12.00
# Visual Studio Version 16
VisualStudioVersion = 16.0.29411.108
MinimumVisualStudioVersion = 10.0.40219.1
Project("{FAE04EC0-301F-11D3-BF4B-00C04F79EFBC}") = "MeetSocial.XF.Android", "MeetSocial.XF\MeetSocial.XF.Android\MeetSocial.XF.Android.csproj", "{8FE07EEE-F06D-4042-BF3E-DB11BD1D4A45}"
EndProject
Project("{FAE04EC0-301F-11D3-BF4B-00C04F79EFBC}") = "MeetSocial.XF", "MeetSocial.XF\MeetSocial.XF\MeetSocial.XF.csproj", "{CF24C7EF-06B1-4FB6-8362-2E7C62D180B8}"
EndProject
Global
	GlobalSection(SolutionConfigurationPlatforms) = preSolution
		Debug|Any CPU = Debug|Any CPU
		Release|Any CPU = Release|Any CPU
	EndGlobalSection
	GlobalSection(ProjectConfigurationPlatforms) = postSolution
		{8FE07EEE-F06D-4042-BF3E-DB11BD1D4A45}.Debug|Any CPU.ActiveCfg = Debug|Any CPU
		{8FE07EEE-F06D-4042-BF3E-DB11BD1D4A45}.Debug|Any CPU.Build.0 = Debug|Any CPU
		{8FE07EEE-F06D-4042-BF3E-DB11BD1D4A45}.Debug|Any CPU.Deploy.0 = Debug|Any CPU
		{8FE07EEE-F06D-4042-BF3E-DB11BD1D4A45}.Release|Any CPU.ActiveCfg = Release|Any CPU
		{8FE07EEE-F06D-4042-BF3E-DB11BD1D4A45}.Release|Any CPU.Build.0 = Release|Any CPU
		{8FE07EEE-F06D-4042-BF3E-DB11BD1D4A45}.Release|Any CPU.Deploy.0 = Release|Any CPU
		{CF24C7EF-06B1-4FB6-8362-2E7C62D180B8}.Debug|Any CPU.ActiveCfg = Debug|Any CPU
		{CF24C7EF-06B1-4FB6-8362-2E7C62D180B8}.Debug|Any CPU.Build.0 = Debug|Any CPU
		{CF24C7EF-06B1-4FB6-8362-2E7C62D180B8}.Release|Any CPU.ActiveCfg = Release|Any CPU
		{CF24C7EF-06B1-4FB6-8362-2E7C62D180B8}.Release|Any CPU.Build.0 = Release|Any CPU
	EndGlobalSection
	GlobalSection(SolutionProperties) = preSolution
		HideSolutionNode = FALSE
	EndGlobalSection
	GlobalSection(ExtensibilityGlobals) = postSolution
		SolutionGuid = {D320DBD7-C52E-4F03-875F-85290400D77D}
	EndGlobalSection
EndGlobal
